{
  "name": "moonrepo-example",
  "version": "1.0.0",
  "lockfileVersion": 2,
  "requires": true,
  "packages": {
    "": {
      "name": "moonrepo-example",
      "version": "1.0.0",
      "license": "ISC",
      "workspaces": [
        "apps/*",
        "packages/*"
      ],
      "devDependencies": {
        "@moonrepo/cli": "^0.6.0"
      }
    },
    "node_modules/@moonrepo/cli": {
      "version": "0.6.0",
      "resolved": "https://registry.npmjs.org/@moonrepo/cli/-/cli-0.6.0.tgz",
      "integrity": "sha512-6OXUs1bgBIRPC4CcjTgAhuHtYBC2+YpqLbUUotxfhkpsOsrSlVYXt+TdlGwwiq3fPz4l4usujFuql7hVaNhMuw==",
      "dev": true,
      "hasInstallScript": true,
      "dependencies": {
        "detect-libc": "^2.0.1"
      },
      "bin": {
        "moon": "moon"
      },
      "optionalDependencies": {
        "@moonrepo/core-linux-x64-gnu": "^0.6.0",
        "@moonrepo/core-linux-x64-musl": "^0.6.0",
        "@moonrepo/core-macos-arm64": "^0.6.0",
        "@moonrepo/core-macos-x64": "^0.6.0",
        "@moonrepo/core-windows-x64-msvc": "^0.6.0"
      }
    },
    "node_modules/@moonrepo/core-linux-x64-gnu": {
      "version": "0.6.0",
      "resolved": "https://registry.npmjs.org/@moonrepo/core-linux-x64-gnu/-/core-linux-x64-gnu-0.6.0.tgz",
      "integrity": "sha512-KEy+RwllF2wSud2qqxdLS+I0yKOFRVM6ghcBmDyAaIMqbu4sLU8R1d47xS578dEO1eYYdTaHJZmOdydBjgb/hw==",
      "cpu": [
        "x64"
      ],
      "dev": true,
      "optional": true,
      "os": [
        "linux"
      ]
    },
    "node_modules/@moonrepo/core-linux-x64-musl": {
      "version": "0.6.0",
      "resolved": "https://registry.npmjs.org/@moonrepo/core-linux-x64-musl/-/core-linux-x64-musl-0.6.0.tgz",
      "integrity": "sha512-eqp9qMBZBLEUq0CJhz34Ldv7e6dKavddiTG5ZZHJTia0wfwbRFvW6FuIxto3n0WkULSqfzjbeTGsAeBhuZNdxA==",
      "cpu": [
        "x64"
      ],
      "dev": true,
      "optional": true,
      "os": [
        "linux"
      ]
    },
    "node_modules/@moonrepo/core-macos-arm64": {
      "version": "0.6.0",
      "resolved": "https://registry.npmjs.org/@moonrepo/core-macos-arm64/-/core-macos-arm64-0.6.0.tgz",
      "integrity": "sha512-HO05XmTXsJCoFmqmnWscYwZ0dZwIQHu3y9g8L4d+txAR825xig3y5XAYNtxPLehwTnydggWdEbO8tZeRKY8Q/w==",
      "cpu": [
        "arm64"
      ],
      "dev": true,
      "optional": true,
      "os": [
        "darwin"
      ]
    },
    "node_modules/@moonrepo/core-macos-x64": {
      "version": "0.6.0",
      "resolved": "https://registry.npmjs.org/@moonrepo/core-macos-x64/-/core-macos-x64-0.6.0.tgz",
      "integrity": "sha512-Y1vWmwIgHdVOLq+FstLF6W64Qwfj+Sb82ChLmsluknWLGXqUeW7H6NefRw73/R2YjzRIa05F5TY8MLWREXiPUA==",
      "cpu": [
        "x64"
      ],
      "dev": true,
      "optional": true,
      "os": [
        "darwin"
      ]
    },
    "node_modules/@moonrepo/core-windows-x64-msvc": {
      "version": "0.6.0",
      "resolved": "https://registry.npmjs.org/@moonrepo/core-windows-x64-msvc/-/core-windows-x64-msvc-0.6.0.tgz",
      "integrity": "sha512-pXhgRpeOMyrcbVykZREgDIU+1Rux/6UGJjYuko2gGp33+rASqTeIq4E5FfixPMZlp2oP5e+ZT8RWagyJAeRydw==",
      "cpu": [
        "x64"
      ],
      "dev": true,
      "optional": true,
      "os": [
        "win32"
      ]
    },
    "node_modules/detect-libc": {
      "version": "2.0.1",
      "resolved": "https://registry.npmjs.org/detect-libc/-/detect-libc-2.0.1.tgz",
      "integrity": "sha512-463v3ZeIrcWtdgIg6vI6XUncguvr2TnGl4SzDXinkt9mSLpBJKXT3mW6xT3VQdDN11+WVs29pgvivTc4Lp8v+w==",
      "dev": true,
      "engines": {
        "node": ">=8"
      }
    }
  },
  "dependencies": {
    "@moonrepo/cli": {
      "version": "0.6.0",
      "resolved": "https://registry.npmjs.org/@moonrepo/cli/-/cli-0.6.0.tgz",
      "integrity": "sha512-6OXUs1bgBIRPC4CcjTgAhuHtYBC2+YpqLbUUotxfhkpsOsrSlVYXt+TdlGwwiq3fPz4l4usujFuql7hVaNhMuw==",
      "dev": true,
      "requires": {
        "@moonrepo/core-linux-x64-gnu": "^0.6.0",
        "@moonrepo/core-linux-x64-musl": "^0.6.0",
        "@moonrepo/core-macos-arm64": "^0.6.0",
        "@moonrepo/core-macos-x64": "^0.6.0",
        "@moonrepo/core-windows-x64-msvc": "^0.6.0",
        "detect-libc": "^2.0.1"
      }
    },
    "@moonrepo/core-linux-x64-gnu": {
      "version": "0.6.0",
      "resolved": "https://registry.npmjs.org/@moonrepo/core-linux-x64-gnu/-/core-linux-x64-gnu-0.6.0.tgz",
      "integrity": "sha512-KEy+RwllF2wSud2qqxdLS+I0yKOFRVM6ghcBmDyAaIMqbu4sLU8R1d47xS578dEO1eYYdTaHJZmOdydBjgb/hw==",
      "dev": true,
      "optional": true
    },
    "@moonrepo/core-linux-x64-musl": {
      "version": "0.6.0",
      "resolved": "https://registry.npmjs.org/@moonrepo/core-linux-x64-musl/-/core-linux-x64-musl-0.6.0.tgz",
      "integrity": "sha512-eqp9qMBZBLEUq0CJhz34Ldv7e6dKavddiTG5ZZHJTia0wfwbRFvW6FuIxto3n0WkULSqfzjbeTGsAeBhuZNdxA==",
      "dev": true,
      "optional": true
    },
    "@moonrepo/core-macos-arm64": {
      "version": "0.6.0",
      "resolved": "https://registry.npmjs.org/@moonrepo/core-macos-arm64/-/core-macos-arm64-0.6.0.tgz",
      "integrity": "sha512-HO05XmTXsJCoFmqmnWscYwZ0dZwIQHu3y9g8L4d+txAR825xig3y5XAYNtxPLehwTnydggWdEbO8tZeRKY8Q/w==",
      "dev": true,
      "optional": true
    },
    "@moonrepo/core-macos-x64": {
      "version": "0.6.0",
      "resolved": "https://registry.npmjs.org/@moonrepo/core-macos-x64/-/core-macos-x64-0.6.0.tgz",
      "integrity": "sha512-Y1vWmwIgHdVOLq+FstLF6W64Qwfj+Sb82ChLmsluknWLGXqUeW7H6NefRw73/R2YjzRIa05F5TY8MLWREXiPUA==",
      "dev": true,
      "optional": true
    },
    "@moonrepo/core-windows-x64-msvc": {
      "version": "0.6.0",
      "resolved": "https://registry.npmjs.org/@moonrepo/core-windows-x64-msvc/-/core-windows-x64-msvc-0.6.0.tgz",
      "integrity": "sha512-pXhgRpeOMyrcbVykZREgDIU+1Rux/6UGJjYuko2gGp33+rASqTeIq4E5FfixPMZlp2oP5e+ZT8RWagyJAeRydw==",
      "dev": true,
      "optional": true
    },
    "detect-libc": {
      "version": "2.0.1",
      "resolved": "https://registry.npmjs.org/detect-libc/-/detect-libc-2.0.1.tgz",
      "integrity": "sha512-463v3ZeIrcWtdgIg6vI6XUncguvr2TnGl4SzDXinkt9mSLpBJKXT3mW6xT3VQdDN11+WVs29pgvivTc4Lp8v+w==",
      "dev": true
    }
  }
}
